
Microsoft Visual Studio Solution File, Format Version 12.00
# Visual Studio Version 17
VisualStudioVersion = 17.14.36717.8
MinimumVisualStudioVersion = 10.0.40219.1
Project("{FAE04EC0-301F-11D3-BF4B-00C04F79EFBC}") = "Introduction", "Introduction\Introduction.csproj", "{4D3211E9-3F18-45DD-90A1-13F23CB6D7DF}"
EndProject
Project("{FAE04EC0-301F-11D3-BF4B-00C04F79EFBC}") = "DataTypes", "DataTypes\DataTypes.csproj", "{129880C1-37AE-47E5-BDA2-11D581CCBB85}"
EndProject
Project("{FAE04EC0-301F-11D3-BF4B-00C04F79EFBC}") = "SimpleTasks", "SimpleTasks\SimpleTasks.csproj", "{8DABCFA2-48C2-4A38-B7C4-C40D66A7DDDC}"
EndProject
Project("{FAE04EC0-301F-11D3-BF4B-00C04F79EFBC}") = "Game", "Game\Game.csproj", "{D78E4A7F-B936-4539-BBAA-C4F9CC617DD6}"
EndProject
Project("{FAE04EC0-301F-11D3-BF4B-00C04F79EFBC}") = "Fraction", "Fraction\Fraction.csproj", "{F60F780E-F024-4EB7-BAEB-9A39C499CEA9}"
EndProject
Global
	GlobalSection(SolutionConfigurationPlatforms) = preSolution
		Debug|Any CPU = Debug|Any CPU
		Release|Any CPU = Release|Any CPU
	EndGlobalSection
	GlobalSection(ProjectConfigurationPlatforms) = postSolution
		{4D3211E9-3F18-45DD-90A1-13F23CB6D7DF}.Debug|Any CPU.ActiveCfg = Debug|Any CPU
		{4D3211E9-3F18-45DD-90A1-13F23CB6D7DF}.Debug|Any CPU.Build.0 = Debug|Any CPU
		{4D3211E9-3F18-45DD-90A1-13F23CB6D7DF}.Release|Any CPU.ActiveCfg = Release|Any CPU
		{4D3211E9-3F18-45DD-90A1-13F23CB6D7DF}.Release|Any CPU.Build.0 = Release|Any CPU
		{129880C1-37AE-47E5-BDA2-11D581CCBB85}.Debug|Any CPU.ActiveCfg = Debug|Any CPU
		{129880C1-37AE-47E5-BDA2-11D581CCBB85}.Debug|Any CPU.Build.0 = Debug|Any CPU
		{129880C1-37AE-47E5-BDA2-11D581CCBB85}.Release|Any CPU.ActiveCfg = Release|Any CPU
		{129880C1-37AE-47E5-BDA2-11D581CCBB85}.Release|Any CPU.Build.0 = Release|Any CPU
		{8DABCFA2-48C2-4A38-B7C4-C40D66A7DDDC}.Debug|Any CPU.ActiveCfg = Debug|Any CPU
		{8DABCFA2-48C2-4A38-B7C4-C40D66A7DDDC}.Debug|Any CPU.Build.0 = Debug|Any CPU
		{8DABCFA2-48C2-4A38-B7C4-C40D66A7DDDC}.Release|Any CPU.ActiveCfg = Release|Any CPU
		{8DABCFA2-48C2-4A38-B7C4-C40D66A7DDDC}.Release|Any CPU.Build.0 = Release|Any CPU
		{D78E4A7F-B936-4539-BBAA-C4F9CC617DD6}.Debug|Any CPU.ActiveCfg = Debug|Any CPU
		{D78E4A7F-B936-4539-BBAA-C4F9CC617DD6}.Debug|Any CPU.Build.0 = Debug|Any CPU
		{D78E4A7F-B936-4539-BBAA-C4F9CC617DD6}.Release|Any CPU.ActiveCfg = Release|Any CPU
		{D78E4A7F-B936-4539-BBAA-C4F9CC617DD6}.Release|Any CPU.Build.0 = Release|Any CPU
		{F60F780E-F024-4EB7-BAEB-9A39C499CEA9}.Debug|Any CPU.ActiveCfg = Debug|Any CPU
		{F60F780E-F024-4EB7-BAEB-9A39C499CEA9}.Debug|Any CPU.Build.0 = Debug|Any CPU
		{F60F780E-F024-4EB7-BAEB-9A39C499CEA9}.Release|Any CPU.ActiveCfg = Release|Any CPU
		{F60F780E-F024-4EB7-BAEB-9A39C499CEA9}.Release|Any CPU.Build.0 = Release|Any CPU
	EndGlobalSection
	GlobalSection(SolutionProperties) = preSolution
		HideSolutionNode = FALSE
	EndGlobalSection
	GlobalSection(ExtensibilityGlobals) = postSolution
		SolutionGuid = {5C0C6567-122A-49BE-9D11-A93F3E2D4A73}
	EndGlobalSection
EndGlobal
